// !$*UTF8*$!
{
	archiveVersion = 1;
	classes = {
	};
	objectVersion = 77;
	objects = {

/* Begin PBXBuildFile section */
		1CDA4B102F5E0870004FF662 /* ArgumentParser in Frameworks */ = {isa = PBXBuildFile; productRef = 1CDA4B0F2F5E0870004FF662 /* ArgumentParser */; };
		1CDA4B132F5E08F5004FF662 /* Noora in Frameworks */ = {isa = PBXBuildFile; productRef = 1CDA4B122F5E08F5004FF662 /* Noora */; };
		1CDA4B2A2F5E0B5D004FF662 /* Valet in Frameworks */ = {isa = PBXBuildFile; productRef = 1CDA4B292F5E0B5D004FF662 /* Valet */; };
		A1B2C3010000000000000004 /* XCTest.framework in Frameworks */ = {isa = PBXBuildFile; fileRef = A1B2C3010000000000000002 /* XCTest.framework */; };
		A1B2C3010000000000000014 /* libswift-passCore.a in Frameworks */ = {isa = PBXBuildFile; fileRef = C0F000000000000000000001 /* libswift-passCore.a */; };
		C0B000000000000000000001 /* ArgumentParser in Frameworks */ = {isa = PBXBuildFile; productRef = 1CDA4B0F2F5E0870004FF662 /* ArgumentParser */; };
		C0B000000000000000000002 /* Noora in Frameworks */ = {isa = PBXBuildFile; productRef = 1CDA4B122F5E08F5004FF662 /* Noora */; };
		C0B000000000000000000003 /* Valet in Frameworks */ = {isa = PBXBuildFile; productRef = 1CDA4B292F5E0B5D004FF662 /* Valet */; };
		C0B000000000000000000010 /* swift-pass/Commands/CommandInput.swift in Sources */ = {isa = PBXBuildFile; fileRef = C0A000000000000000000001 /* swift-pass/Commands/CommandInput.swift */; };
		C0B000000000000000000011 /* swift-pass/Commands/CreateCommand.swift in Sources */ = {isa = PBXBuildFile; fileRef = C0A000000000000000000002 /* swift-pass/Commands/CreateCommand.swift */; };
		C0B000000000000000000012 /* swift-pass/Commands/DeleteCommand.swift in Sources */ = {isa = PBXBuildFile; fileRef = C0A000000000000000000003 /* swift-pass/Commands/DeleteCommand.swift */; };
		C0B000000000000000000013 /* swift-pass/Commands/DoctorCommand.swift in Sources */ = {isa = PBXBuildFile; fileRef = C0A000000000000000000004 /* swift-pass/Commands/DoctorCommand.swift */; };
		C0B000000000000000000014 /* swift-pass/Commands/GetCommand.swift in Sources */ = {isa = PBXBuildFile; fileRef = C0A000000000000000000005 /* swift-pass/Commands/GetCommand.swift */; };
		C0B000000000000000000015 /* swift-pass/Commands/ListCommand.swift in Sources */ = {isa = PBXBuildFile; fileRef = C0A000000000000000000006 /* swift-pass/Commands/ListCommand.swift */; };
		C0B000000000000000000016 /* swift-pass/Commands/SetCommand.swift in Sources */ = {isa = PBXBuildFile; fileRef = C0A000000000000000000007 /* swift-pass/Commands/SetCommand.swift */; };
		C0B000000000000000000017 /* swift-pass/Keychain/CurrentProcessSigningInspector.swift in Sources */ = {isa = PBXBuildFile; fileRef = C0A000000000000000000008 /* swift-pass/Keychain/CurrentProcessSigningInspector.swift */; };
		C0B000000000000000000018 /* swift-pass/Keychain/GroupCatalogError.swift in Sources */ = {isa = PBXBuildFile; fileRef = C0A000000000000000000009 /* swift-pass/Keychain/GroupCatalogError.swift */; };
		C0B000000000000000000019 /* swift-pass/Keychain/GroupCatalogStore.swift in Sources */ = {isa = PBXBuildFile; fileRef = C0A00000000000000000000A /* swift-pass/Keychain/GroupCatalogStore.swift */; };
		C0B00000000000000000001A /* swift-pass/Keychain/KeychainConfiguration.swift in Sources */ = {isa = PBXBuildFile; fileRef = C0A00000000000000000000B /* swift-pass/Keychain/KeychainConfiguration.swift */; };
		C0B00000000000000000001B /* swift-pass/Keychain/KeychainGroupCatalogStore.swift in Sources */ = {isa = PBXBuildFile; fileRef = C0A00000000000000000000C /* swift-pass/Keychain/KeychainGroupCatalogStore.swift */; };
		C0B00000000000000000001C /* swift-pass/Keychain/SecretModels.swift in Sources */ = {isa = PBXBuildFile; fileRef = C0A00000000000000000000D /* swift-pass/Keychain/SecretModels.swift */; };
		C0B00000000000000000001D /* swift-pass/Keychain/SecretStore.swift in Sources */ = {isa = PBXBuildFile; fileRef = C0A00000000000000000000E /* swift-pass/Keychain/SecretStore.swift */; };
		C0B00000000000000000001E /* swift-pass/Keychain/SecretStoreError.swift in Sources */ = {isa = PBXBuildFile; fileRef = C0A00000000000000000000F /* swift-pass/Keychain/SecretStoreError.swift */; };
		C0B00000000000000000001F /* swift-pass/Keychain/SecretVault.swift in Sources */ = {isa = PBXBuildFile; fileRef = C0A000000000000000000010 /* swift-pass/Keychain/SecretVault.swift */; };
		C0B000000000000000000020 /* swift-pass/Keychain/ValetSecretStore.swift in Sources */ = {isa = PBXBuildFile; fileRef = C0A000000000000000000011 /* swift-pass/Keychain/ValetSecretStore.swift */; };
		C0B000000000000000000021 /* swift-pass/Support/UserPrompter.swift in Sources */ = {isa = PBXBuildFile; fileRef = C0A000000000000000000012 /* swift-pass/Support/UserPrompter.swift */; };
		C0B000000000000000000022 /* swift-pass/Keychain/KeychainAccessProbe.swift in Sources */ = {isa = PBXBuildFile; fileRef = C0A000000000000000000013 /* swift-pass/Keychain/KeychainAccessProbe.swift */; };
		C0B000000000000000000023 /* swift-pass/Commands/GroupsCommand.swift in Sources */ = {isa = PBXBuildFile; fileRef = C0A000000000000000000014 /* swift-pass/Commands/GroupsCommand.swift */; };
/* End PBXBuildFile section */

/* Begin PBXContainerItemProxy section */
		A1B2C3010000000000000012 /* PBXContainerItemProxy */ = {
			isa = PBXContainerItemProxy;
			containerPortal = 1CDA4AFC2F5E06CE004FF662 /* Project object */;
			proxyType = 1;
			remoteGlobalIDString = 1CDA4B032F5E06CE004FF662;
			remoteInfo = "swift-pass";
		};
		C0F000000000000000000008 /* PBXContainerItemProxy */ = {
			isa = PBXContainerItemProxy;
			containerPortal = 1CDA4AFC2F5E06CE004FF662 /* Project object */;
			proxyType = 1;
			remoteGlobalIDString = C0F000000000000000000002;
			remoteInfo = "swift-passCore";
		};
/* End PBXContainerItemProxy section */

/* Begin PBXCopyFilesBuildPhase section */
		1CDA4B022F5E06CE004FF662 /* CopyFiles */ = {
			isa = PBXCopyFilesBuildPhase;
			buildActionMask = 2147483647;
			dstPath = /usr/share/man/man1/;
			dstSubfolderSpec = 0;
			files = (
			);
			runOnlyForDeploymentPostprocessing = 1;
		};
/* End PBXCopyFilesBuildPhase section */

/* Begin PBXFileReference section */
		1CDA4B042F5E06CE004FF662 /* swift-pass */ = {isa = PBXFileReference; explicitFileType = "compiled.mach-o.executable"; includeInIndex = 0; path = "swift-pass"; sourceTree = BUILT_PRODUCTS_DIR; };
		A1B2C3010000000000000001 /* swift-passTests.xctest */ = {isa = PBXFileReference; explicitFileType = wrapper.cfbundle; includeInIndex = 0; path = "swift-passTests.xctest"; sourceTree = BUILT_PRODUCTS_DIR; };
		A1B2C3010000000000000002 /* XCTest.framework */ = {isa = PBXFileReference; lastKnownFileType = wrapper.framework; name = XCTest.framework; path = Platforms/MacOSX.platform/Developer/Library/Frameworks/XCTest.framework; sourceTree = DEVELOPER_DIR; };
		C0A000000000000000000001 /* swift-pass/Commands/CommandInput.swift */ = {isa = PBXFileReference; lastKnownFileType = sourcecode.swift; path = "swift-pass/Commands/CommandInput.swift"; sourceTree = SOURCE_ROOT; };
		C0A000000000000000000002 /* swift-pass/Commands/CreateCommand.swift */ = {isa = PBXFileReference; lastKnownFileType = sourcecode.swift; path = "swift-pass/Commands/CreateCommand.swift"; sourceTree = SOURCE_ROOT; };
		C0A000000000000000000003 /* swift-pass/Commands/DeleteCommand.swift */ = {isa = PBXFileReference; lastKnownFileType = sourcecode.swift; path = "swift-pass/Commands/DeleteCommand.swift"; sourceTree = SOURCE_ROOT; };
		C0A000000000000000000004 /* swift-pass/Commands/DoctorCommand.swift */ = {isa = PBXFileReference; lastKnownFileType = sourcecode.swift; path = "swift-pass/Commands/DoctorCommand.swift"; sourceTree = SOURCE_ROOT; };
		C0A000000000000000000005 /* swift-pass/Commands/GetCommand.swift */ = {isa = PBXFileReference; lastKnownFileType = sourcecode.swift; path = "swift-pass/Commands/GetCommand.swift"; sourceTree = SOURCE_ROOT; };
		C0A000000000000000000006 /* swift-pass/Commands/ListCommand.swift */ = {isa = PBXFileReference; lastKnownFileType = sourcecode.swift; path = "swift-pass/Commands/ListCommand.swift"; sourceTree = SOURCE_ROOT; };
		C0A000000000000000000007 /* swift-pass/Commands/SetCommand.swift */ = {isa = PBXFileReference; lastKnownFileType = sourcecode.swift; path = "swift-pass/Commands/SetCommand.swift"; sourceTree = SOURCE_ROOT; };
		C0A000000000000000000008 /* swift-pass/Keychain/CurrentProcessSigningInspector.swift */ = {isa = PBXFileReference; lastKnownFileType = sourcecode.swift; path = "swift-pass/Keychain/CurrentProcessSigningInspector.swift"; sourceTree = SOURCE_ROOT; };
		C0A000000000000000000009 /* swift-pass/Keychain/GroupCatalogError.swift */ = {isa = PBXFileReference; lastKnownFileType = sourcecode.swift; path = "swift-pass/Keychain/GroupCatalogError.swift"; sourceTree = SOURCE_ROOT; };
		C0A00000000000000000000A /* swift-pass/Keychain/GroupCatalogStore.swift */ = {isa = PBXFileReference; lastKnownFileType = sourcecode.swift; path = "swift-pass/Keychain/GroupCatalogStore.swift"; sourceTree = SOURCE_ROOT; };
		C0A00000000000000000000B /* swift-pass/Keychain/KeychainConfiguration.swift */ = {isa = PBXFileReference; lastKnownFileType = sourcecode.swift; path = "swift-pass/Keychain/KeychainConfiguration.swift"; sourceTree = SOURCE_ROOT; };
		C0A00000000000000000000C /* swift-pass/Keychain/KeychainGroupCatalogStore.swift */ = {isa = PBXFileReference; lastKnownFileType = sourcecode.swift; path = "swift-pass/Keychain/KeychainGroupCatalogStore.swift"; sourceTree = SOURCE_ROOT; };
		C0A00000000000000000000D /* swift-pass/Keychain/SecretModels.swift */ = {isa = PBXFileReference; lastKnownFileType = sourcecode.swift; path = "swift-pass/Keychain/SecretModels.swift"; sourceTree = SOURCE_ROOT; };
		C0A00000000000000000000E /* swift-pass/Keychain/SecretStore.swift */ = {isa = PBXFileReference; lastKnownFileType = sourcecode.swift; path = "swift-pass/Keychain/SecretStore.swift"; sourceTree = SOURCE_ROOT; };
		C0A00000000000000000000F /* swift-pass/Keychain/SecretStoreError.swift */ = {isa = PBXFileReference; lastKnownFileType = sourcecode.swift; path = "swift-pass/Keychain/SecretStoreError.swift"; sourceTree = SOURCE_ROOT; };
		C0A000000000000000000010 /* swift-pass/Keychain/SecretVault.swift */ = {isa = PBXFileReference; lastKnownFileType = sourcecode.swift; path = "swift-pass/Keychain/SecretVault.swift"; sourceTree = SOURCE_ROOT; };
		C0A000000000000000000011 /* swift-pass/Keychain/ValetSecretStore.swift */ = {isa = PBXFileReference; lastKnownFileType = sourcecode.swift; path = "swift-pass/Keychain/ValetSecretStore.swift"; sourceTree = SOURCE_ROOT; };
		C0A000000000000000000012 /* swift-pass/Support/UserPrompter.swift */ = {isa = PBXFileReference; lastKnownFileType = sourcecode.swift; path = "swift-pass/Support/UserPrompter.swift"; sourceTree = SOURCE_ROOT; };
		C0A000000000000000000013 /* swift-pass/Keychain/KeychainAccessProbe.swift */ = {isa = PBXFileReference; lastKnownFileType = sourcecode.swift; path = "swift-pass/Keychain/KeychainAccessProbe.swift"; sourceTree = SOURCE_ROOT; };
		C0A000000000000000000014 /* swift-pass/Commands/GroupsCommand.swift */ = {isa = PBXFileReference; lastKnownFileType = sourcecode.swift; path = "swift-pass/Commands/GroupsCommand.swift"; sourceTree = SOURCE_ROOT; };
		C0F000000000000000000001 /* libswift-passCore.a */ = {isa = PBXFileReference; explicitFileType = archive.ar; includeInIndex = 0; path = "libswift-passCore.a"; sourceTree = BUILT_PRODUCTS_DIR; };
/* End PBXFileReference section */

/* Begin PBXFileSystemSynchronizedRootGroup section */
		1CDA4B062F5E06CE004FF662 /* swift-pass */ = {
			isa = PBXFileSystemSynchronizedRootGroup;
			path = "swift-pass";
			sourceTree = "<group>";
		};
		A1B2C3010000000000000003 /* swift-passTests */ = {
			isa = PBXFileSystemSynchronizedRootGroup;
			path = "swift-passTests";
			sourceTree = "<group>";
		};
/* End PBXFileSystemSynchronizedRootGroup section */

/* Begin PBXFrameworksBuildPhase section */
		1CDA4B012F5E06CE004FF662 /* Frameworks */ = {
			isa = PBXFrameworksBuildPhase;
			buildActionMask = 2147483647;
			files = (
				1CDA4B2A2F5E0B5D004FF662 /* Valet in Frameworks */,
				1CDA4B132F5E08F5004FF662 /* Noora in Frameworks */,
				1CDA4B102F5E0870004FF662 /* ArgumentParser in Frameworks */,
			);
			runOnlyForDeploymentPostprocessing = 0;
		};
		A1B2C3010000000000000006 /* Frameworks */ = {
			isa = PBXFrameworksBuildPhase;
			buildActionMask = 2147483647;
			files = (
				A1B2C3010000000000000004 /* XCTest.framework in Frameworks */,
				A1B2C3010000000000000014 /* libswift-passCore.a in Frameworks */,
			);
			runOnlyForDeploymentPostprocessing = 0;
		};
		C0F000000000000000000007 /* Frameworks */ = {
			isa = PBXFrameworksBuildPhase;
			buildActionMask = 2147483647;
			files = (
				C0B000000000000000000003 /* Valet in Frameworks */,
				C0B000000000000000000002 /* Noora in Frameworks */,
				C0B000000000000000000001 /* ArgumentParser in Frameworks */,
			);
			runOnlyForDeploymentPostprocessing = 0;
		};
/* End PBXFrameworksBuildPhase section */

/* Begin PBXGroup section */
		1C7408722F61D8870003B7F4 /* Recovered References */ = {
			isa = PBXGroup;
			children = (
				C0A000000000000000000001 /* swift-pass/Commands/CommandInput.swift */,
				C0A000000000000000000002 /* swift-pass/Commands/CreateCommand.swift */,
				C0A000000000000000000003 /* swift-pass/Commands/DeleteCommand.swift */,
				C0A000000000000000000004 /* swift-pass/Commands/DoctorCommand.swift */,
				C0A000000000000000000005 /* swift-pass/Commands/GetCommand.swift */,
				C0A000000000000000000014 /* swift-pass/Commands/GroupsCommand.swift */,
				C0A000000000000000000006 /* swift-pass/Commands/ListCommand.swift */,
				C0A000000000000000000007 /* swift-pass/Commands/SetCommand.swift */,
				C0A000000000000000000008 /* swift-pass/Keychain/CurrentProcessSigningInspector.swift */,
				C0A000000000000000000009 /* swift-pass/Keychain/GroupCatalogError.swift */,
				C0A00000000000000000000A /* swift-pass/Keychain/GroupCatalogStore.swift */,
				C0A00000000000000000000B /* swift-pass/Keychain/KeychainConfiguration.swift */,
				C0A000000000000000000013 /* swift-pass/Keychain/KeychainAccessProbe.swift */,
				C0A00000000000000000000C /* swift-pass/Keychain/KeychainGroupCatalogStore.swift */,
				C0A00000000000000000000D /* swift-pass/Keychain/SecretModels.swift */,
				C0A00000000000000000000E /* swift-pass/Keychain/SecretStore.swift */,
				C0A00000000000000000000F /* swift-pass/Keychain/SecretStoreError.swift */,
				C0A000000000000000000010 /* swift-pass/Keychain/SecretVault.swift */,
				C0A000000000000000000011 /* swift-pass/Keychain/ValetSecretStore.swift */,
				C0A000000000000000000012 /* swift-pass/Support/UserPrompter.swift */,
				A1B2C3010000000000000002 /* XCTest.framework */,
			);
			name = "Recovered References";
			sourceTree = "<group>";
		};
		1CDA4AFB2F5E06CE004FF662 = {
			isa = PBXGroup;
			children = (
				1CDA4B062F5E06CE004FF662 /* swift-pass */,
				A1B2C3010000000000000003 /* swift-passTests */,
				1CDA4B052F5E06CE004FF662 /* Products */,
				1C7408722F61D8870003B7F4 /* Recovered References */,
			);
			sourceTree = "<group>";
		};
		1CDA4B052F5E06CE004FF662 /* Products */ = {
			isa = PBXGroup;
			children = (
				1CDA4B042F5E06CE004FF662 /* swift-pass */,
				C0F000000000000000000001 /* libswift-passCore.a */,
				A1B2C3010000000000000001 /* swift-passTests.xctest */,
			);
			name = Products;
			sourceTree = "<group>";
		};
/* End PBXGroup section */

/* Begin PBXNativeTarget section */
		1CDA4B032F5E06CE004FF662 /* swift-pass */ = {
			isa = PBXNativeTarget;
			buildConfigurationList = 1CDA4B0B2F5E06CE004FF662 /* Build configuration list for PBXNativeTarget "swift-pass" */;
			buildPhases = (
				1CDA4B002F5E06CE004FF662 /* Sources */,
				1CDA4B012F5E06CE004FF662 /* Frameworks */,
				1CDA4B022F5E06CE004FF662 /* CopyFiles */,
			);
			buildRules = (
			);
			dependencies = (
			);
			fileSystemSynchronizedGroups = (
				1CDA4B062F5E06CE004FF662 /* swift-pass */,
			);
			name = "swift-pass";
			packageProductDependencies = (
				1CDA4B0F2F5E0870004FF662 /* ArgumentParser */,
				1CDA4B122F5E08F5004FF662 /* Noora */,
				1CDA4B292F5E0B5D004FF662 /* Valet */,
			);
			productName = "swift-pass";
			productReference = 1CDA4B042F5E06CE004FF662 /* swift-pass */;
			productType = "com.apple.product-type.tool";
		};
		A1B2C3010000000000000008 /* swift-passTests */ = {
			isa = PBXNativeTarget;
			buildConfigurationList = A1B2C3010000000000000009 /* Build configuration list for PBXNativeTarget "swift-passTests" */;
			buildPhases = (
				A1B2C3010000000000000005 /* Sources */,
				A1B2C3010000000000000006 /* Frameworks */,
				A1B2C3010000000000000007 /* Resources */,
			);
			buildRules = (
			);
			dependencies = (
				A1B2C3010000000000000013 /* PBXTargetDependency */,
				C0F000000000000000000009 /* PBXTargetDependency */,
			);
			fileSystemSynchronizedGroups = (
				A1B2C3010000000000000003 /* swift-passTests */,
			);
			name = "swift-passTests";
			packageProductDependencies = (
			);
			productName = "swift-passTests";
			productReference = A1B2C3010000000000000001 /* swift-passTests.xctest */;
			productType = "com.apple.product-type.bundle.unit-test";
		};
		C0F000000000000000000002 /* swift-passCore */ = {
			isa = PBXNativeTarget;
			buildConfigurationList = C0F000000000000000000003 /* Build configuration list for PBXNativeTarget "swift-passCore" */;
			buildPhases = (
				C0F000000000000000000006 /* Sources */,
				C0F000000000000000000007 /* Frameworks */,
			);
			buildRules = (
			);
			dependencies = (
			);
			name = "swift-passCore";
			packageProductDependencies = (
				1CDA4B0F2F5E0870004FF662 /* ArgumentParser */,
				1CDA4B122F5E08F5004FF662 /* Noora */,
				1CDA4B292F5E0B5D004FF662 /* Valet */,
			);
			productName = "swift-passCore";
			productReference = C0F000000000000000000001 /* libswift-passCore.a */;
			productType = "com.apple.product-type.library.static";
		};
/* End PBXNativeTarget section */

/* Begin PBXProject section */
		1CDA4AFC2F5E06CE004FF662 /* Project object */ = {
			isa = PBXProject;
			attributes = {
				BuildIndependentTargetsInParallel = 1;
				LastSwiftUpdateCheck = 2600;
				LastUpgradeCheck = 2600;
				TargetAttributes = {
					1CDA4B032F5E06CE004FF662 = {
						CreatedOnToolsVersion = 26.0;
					};
					A1B2C3010000000000000008 = {
						CreatedOnToolsVersion = 26.0;
						TestTargetID = 1CDA4B032F5E06CE004FF662;
					};
					C0F000000000000000000002 = {
						CreatedOnToolsVersion = 26.0;
					};
				};
			};
			buildConfigurationList = 1CDA4AFF2F5E06CE004FF662 /* Build configuration list for PBXProject "swift-pass" */;
			developmentRegion = en;
			hasScannedForEncodings = 0;
			knownRegions = (
				en,
				Base,
			);
			mainGroup = 1CDA4AFB2F5E06CE004FF662;
			minimizedProjectReferenceProxies = 1;
			packageReferences = (
				1CDA4B0E2F5E0870004FF662 /* XCRemoteSwiftPackageReference "swift-argument-parser" */,
				1CDA4B112F5E08F5004FF662 /* XCRemoteSwiftPackageReference "Noora" */,
				1CDA4B282F5E0B5D004FF662 /* XCRemoteSwiftPackageReference "Valet" */,
			);
			preferredProjectObjectVersion = 77;
			productRefGroup = 1CDA4B052F5E06CE004FF662 /* Products */;
			projectDirPath = "";
			projectRoot = "";
			targets = (
				1CDA4B032F5E06CE004FF662 /* swift-pass */,
				C0F000000000000000000002 /* swift-passCore */,
				A1B2C3010000000000000008 /* swift-passTests */,
			);
		};
/* End PBXProject section */

/* Begin PBXResourcesBuildPhase section */
		A1B2C3010000000000000007 /* Resources */ = {
			isa = PBXResourcesBuildPhase;
			buildActionMask = 2147483647;
			files = (
			);
			runOnlyForDeploymentPostprocessing = 0;
		};
/* End PBXResourcesBuildPhase section */

/* Begin PBXSourcesBuildPhase section */
		1CDA4B002F5E06CE004FF662 /* Sources */ = {
			isa = PBXSourcesBuildPhase;
			buildActionMask = 2147483647;
			files = (
			);
			runOnlyForDeploymentPostprocessing = 0;
		};
		A1B2C3010000000000000005 /* Sources */ = {
			isa = PBXSourcesBuildPhase;
			buildActionMask = 2147483647;
			files = (
			);
			runOnlyForDeploymentPostprocessing = 0;
		};
		C0F000000000000000000006 /* Sources */ = {
			isa = PBXSourcesBuildPhase;
			buildActionMask = 2147483647;
			files = (
				C0B000000000000000000010 /* swift-pass/Commands/CommandInput.swift in Sources */,
				C0B000000000000000000011 /* swift-pass/Commands/CreateCommand.swift in Sources */,
				C0B000000000000000000012 /* swift-pass/Commands/DeleteCommand.swift in Sources */,
				C0B000000000000000000013 /* swift-pass/Commands/DoctorCommand.swift in Sources */,
				C0B000000000000000000014 /* swift-pass/Commands/GetCommand.swift in Sources */,
				C0B000000000000000000023 /* swift-pass/Commands/GroupsCommand.swift in Sources */,
				C0B000000000000000000015 /* swift-pass/Commands/ListCommand.swift in Sources */,
				C0B000000000000000000016 /* swift-pass/Commands/SetCommand.swift in Sources */,
				C0B000000000000000000017 /* swift-pass/Keychain/CurrentProcessSigningInspector.swift in Sources */,
				C0B000000000000000000018 /* swift-pass/Keychain/GroupCatalogError.swift in Sources */,
				C0B000000000000000000019 /* swift-pass/Keychain/GroupCatalogStore.swift in Sources */,
				C0B00000000000000000001A /* swift-pass/Keychain/KeychainConfiguration.swift in Sources */,
				C0B000000000000000000022 /* swift-pass/Keychain/KeychainAccessProbe.swift in Sources */,
				C0B00000000000000000001B /* swift-pass/Keychain/KeychainGroupCatalogStore.swift in Sources */,
				C0B00000000000000000001C /* swift-pass/Keychain/SecretModels.swift in Sources */,
				C0B00000000000000000001D /* swift-pass/Keychain/SecretStore.swift in Sources */,
				C0B00000000000000000001E /* swift-pass/Keychain/SecretStoreError.swift in Sources */,
				C0B00000000000000000001F /* swift-pass/Keychain/SecretVault.swift in Sources */,
				C0B000000000000000000020 /* swift-pass/Keychain/ValetSecretStore.swift in Sources */,
				C0B000000000000000000021 /* swift-pass/Support/UserPrompter.swift in Sources */,
			);
			runOnlyForDeploymentPostprocessing = 0;
		};
/* End PBXSourcesBuildPhase section */

/* Begin PBXTargetDependency section */
		A1B2C3010000000000000013 /* PBXTargetDependency */ = {
			isa = PBXTargetDependency;
			target = 1CDA4B032F5E06CE004FF662 /* swift-pass */;
			targetProxy = A1B2C3010000000000000012 /* PBXContainerItemProxy */;
		};
		C0F000000000000000000009 /* PBXTargetDependency */ = {
			isa = PBXTargetDependency;
			target = C0F000000000000000000002 /* swift-passCore */;
			targetProxy = C0F000000000000000000008 /* PBXContainerItemProxy */;
		};
/* End PBXTargetDependency section */

/* Begin XCBuildConfiguration section */
		1CDA4B092F5E06CE004FF662 /* Debug */ = {
			isa = XCBuildConfiguration;
			buildSettings = {
				ALWAYS_SEARCH_USER_PATHS = NO;
				ASSETCATALOG_COMPILER_GENERATE_SWIFT_ASSET_SYMBOL_EXTENSIONS = YES;
				CLANG_ANALYZER_NONNULL = YES;
				CLANG_ANALYZER_NUMBER_OBJECT_CONVERSION = YES_AGGRESSIVE;
				CLANG_CXX_LANGUAGE_STANDARD = "gnu++20";
				CLANG_ENABLE_MODULES = YES;
				CLANG_ENABLE_OBJC_ARC = YES;
				CLANG_ENABLE_OBJC_WEAK = YES;
				CLANG_WARN_BLOCK_CAPTURE_AUTORELEASING = YES;
				CLANG_WARN_BOOL_CONVERSION = YES;
				CLANG_WARN_COMMA = YES;
				CLANG_WARN_CONSTANT_CONVERSION = YES;
				CLANG_WARN_DEPRECATED_OBJC_IMPLEMENTATIONS = YES;
				CLANG_WARN_DIRECT_OBJC_ISA_USAGE = YES_ERROR;
				CLANG_WARN_DOCUMENTATION_COMMENTS = YES;
				CLANG_WARN_EMPTY_BODY = YES;
				CLANG_WARN_ENUM_CONVERSION = YES;
				CLANG_WARN_INFINITE_RECURSION = YES;
				CLANG_WARN_INT_CONVERSION = YES;
				CLANG_WARN_NON_LITERAL_NULL_CONVERSION = YES;
				CLANG_WARN_OBJC_IMPLICIT_RETAIN_SELF = YES;
				CLANG_WARN_OBJC_LITERAL_CONVERSION = YES;
				CLANG_WARN_OBJC_ROOT_CLASS = YES_ERROR;
				CLANG_WARN_QUOTED_INCLUDE_IN_FRAMEWORK_HEADER = YES;
				CLANG_WARN_RANGE_LOOP_ANALYSIS = YES;
				CLANG_WARN_STRICT_PROTOTYPES = YES;
				CLANG_WARN_SUSPICIOUS_MOVE = YES;
				CLANG_WARN_UNGUARDED_AVAILABILITY = YES_AGGRESSIVE;
				CLANG_WARN_UNREACHABLE_CODE = YES;
				CLANG_WARN__DUPLICATE_METHOD_MATCH = YES;
				COPY_PHASE_STRIP = NO;
				DEBUG_INFORMATION_FORMAT = dwarf;
				DEVELOPMENT_TEAM = RRQB5Y6LBH;
				ENABLE_STRICT_OBJC_MSGSEND = YES;
				ENABLE_TESTABILITY = YES;
				ENABLE_USER_SCRIPT_SANDBOXING = YES;
				GCC_C_LANGUAGE_STANDARD = gnu17;
				GCC_DYNAMIC_NO_PIC = NO;
				GCC_NO_COMMON_BLOCKS = YES;
				GCC_OPTIMIZATION_LEVEL = 0;
				GCC_PREPROCESSOR_DEFINITIONS = (
					"DEBUG=1",
					"$(inherited)",
				);
				GCC_WARN_64_TO_32_BIT_CONVERSION = YES;
				GCC_WARN_ABOUT_RETURN_TYPE = YES_ERROR;
				GCC_WARN_UNDECLARED_SELECTOR = YES;
				GCC_WARN_UNINITIALIZED_AUTOS = YES_AGGRESSIVE;
				GCC_WARN_UNUSED_FUNCTION = YES;
				GCC_WARN_UNUSED_VARIABLE = YES;
				LOCALIZATION_PREFERS_STRING_CATALOGS = YES;
				MACOSX_DEPLOYMENT_TARGET = 26.0;
				MTL_ENABLE_DEBUG_INFO = INCLUDE_SOURCE;
				MTL_FAST_MATH = YES;
				ONLY_ACTIVE_ARCH = YES;
				SDKROOT = macosx;
				SWIFT_ACTIVE_COMPILATION_CONDITIONS = "DEBUG $(inherited)";
				SWIFT_OPTIMIZATION_LEVEL = "-Onone";
			};
			name = Debug;
		};
		1CDA4B0A2F5E06CE004FF662 /* Release */ = {
			isa = XCBuildConfiguration;
			buildSettings = {
				ALWAYS_SEARCH_USER_PATHS = NO;
				ASSETCATALOG_COMPILER_GENERATE_SWIFT_ASSET_SYMBOL_EXTENSIONS = YES;
				CLANG_ANALYZER_NONNULL = YES;
				CLANG_ANALYZER_NUMBER_OBJECT_CONVERSION = YES_AGGRESSIVE;
				CLANG_CXX_LANGUAGE_STANDARD = "gnu++20";
				CLANG_ENABLE_MODULES = YES;
				CLANG_ENABLE_OBJC_ARC = YES;
				CLANG_ENABLE_OBJC_WEAK = YES;
				CLANG_WARN_BLOCK_CAPTURE_AUTORELEASING = YES;
				CLANG_WARN_BOOL_CONVERSION = YES;
				CLANG_WARN_COMMA = YES;
				CLANG_WARN_CONSTANT_CONVERSION = YES;
				CLANG_WARN_DEPRECATED_OBJC_IMPLEMENTATIONS = YES;
				CLANG_WARN_DIRECT_OBJC_ISA_USAGE = YES_ERROR;
				CLANG_WARN_DOCUMENTATION_COMMENTS = YES;
				CLANG_WARN_EMPTY_BODY = YES;
				CLANG_WARN_ENUM_CONVERSION = YES;
				CLANG_WARN_INFINITE_RECURSION = YES;
				CLANG_WARN_INT_CONVERSION = YES;
				CLANG_WARN_NON_LITERAL_NULL_CONVERSION = YES;
				CLANG_WARN_OBJC_IMPLICIT_RETAIN_SELF = YES;
				CLANG_WARN_OBJC_LITERAL_CONVERSION = YES;
				CLANG_WARN_OBJC_ROOT_CLASS = YES_ERROR;
				CLANG_WARN_QUOTED_INCLUDE_IN_FRAMEWORK_HEADER = YES;
				CLANG_WARN_RANGE_LOOP_ANALYSIS = YES;
				CLANG_WARN_STRICT_PROTOTYPES = YES;
				CLANG_WARN_SUSPICIOUS_MOVE = YES;
				CLANG_WARN_UNGUARDED_AVAILABILITY = YES_AGGRESSIVE;
				CLANG_WARN_UNREACHABLE_CODE = YES;
				CLANG_WARN__DUPLICATE_METHOD_MATCH = YES;
				COPY_PHASE_STRIP = NO;
				DEBUG_INFORMATION_FORMAT = "dwarf-with-dsym";
				DEVELOPMENT_TEAM = RRQB5Y6LBH;
				ENABLE_NS_ASSERTIONS = NO;
				ENABLE_STRICT_OBJC_MSGSEND = YES;
				ENABLE_USER_SCRIPT_SANDBOXING = YES;
				GCC_C_LANGUAGE_STANDARD = gnu17;
				GCC_NO_COMMON_BLOCKS = YES;
				GCC_WARN_64_TO_32_BIT_CONVERSION = YES;
				GCC_WARN_ABOUT_RETURN_TYPE = YES_ERROR;
				GCC_WARN_UNDECLARED_SELECTOR = YES;
				GCC_WARN_UNINITIALIZED_AUTOS = YES_AGGRESSIVE;
				GCC_WARN_UNUSED_FUNCTION = YES;
				GCC_WARN_UNUSED_VARIABLE = YES;
				LOCALIZATION_PREFERS_STRING_CATALOGS = YES;
				MACOSX_DEPLOYMENT_TARGET = 26.0;
				MTL_ENABLE_DEBUG_INFO = NO;
				MTL_FAST_MATH = YES;
				SDKROOT = macosx;
				SWIFT_COMPILATION_MODE = wholemodule;
			};
			name = Release;
		};
		1CDA4B0C2F5E06CE004FF662 /* Debug */ = {
			isa = XCBuildConfiguration;
			buildSettings = {
				CODE_SIGN_STYLE = Automatic;
				DEVELOPMENT_TEAM = RRQB5Y6LBH;
				ENABLE_HARDENED_RUNTIME = YES;
				MACOSX_DEPLOYMENT_TARGET = 15.6;
				PRODUCT_BUNDLE_IDENTIFIER = "dev.keys.swift-pass";
				PRODUCT_NAME = "$(TARGET_NAME)";
				SWIFT_APPROACHABLE_CONCURRENCY = YES;
				SWIFT_UPCOMING_FEATURE_MEMBER_IMPORT_VISIBILITY = YES;
				SWIFT_VERSION = 5.0;
			};
			name = Debug;
		};
		1CDA4B0D2F5E06CE004FF662 /* Release */ = {
			isa = XCBuildConfiguration;
			buildSettings = {
				CODE_SIGN_STYLE = Automatic;
				DEVELOPMENT_TEAM = RRQB5Y6LBH;
				ENABLE_HARDENED_RUNTIME = YES;
				MACOSX_DEPLOYMENT_TARGET = 15.6;
				PRODUCT_BUNDLE_IDENTIFIER = "dev.keys.swift-pass";
				PRODUCT_NAME = "$(TARGET_NAME)";
				SWIFT_APPROACHABLE_CONCURRENCY = YES;
				SWIFT_UPCOMING_FEATURE_MEMBER_IMPORT_VISIBILITY = YES;
				SWIFT_VERSION = 5.0;
			};
			name = Release;
		};
		A1B2C3010000000000000010 /* Debug */ = {
			isa = XCBuildConfiguration;
			buildSettings = {
				CODE_SIGNING_ALLOWED = NO;
				CODE_SIGNING_REQUIRED = NO;
				CODE_SIGN_STYLE = Automatic;
				DEVELOPMENT_TEAM = RRQB5Y6LBH;
				GENERATE_INFOPLIST_FILE = YES;
				LD_RUNPATH_SEARCH_PATHS = (
					"$(inherited)",
					"@executable_path/../Frameworks",
					"@loader_path/../Frameworks",
				);
				MACOSX_DEPLOYMENT_TARGET = 15.6;
				PRODUCT_BUNDLE_IDENTIFIER = "dev.keys.swift-passTests";
				PRODUCT_NAME = "$(TARGET_NAME)";
				SWIFT_APPROACHABLE_CONCURRENCY = YES;
				SWIFT_UPCOMING_FEATURE_MEMBER_IMPORT_VISIBILITY = YES;
				SWIFT_VERSION = 5.0;
			};
			name = Debug;
		};
		A1B2C3010000000000000011 /* Release */ = {
			isa = XCBuildConfiguration;
			buildSettings = {
				CODE_SIGNING_ALLOWED = NO;
				CODE_SIGNING_REQUIRED = NO;
				CODE_SIGN_STYLE = Automatic;
				DEVELOPMENT_TEAM = RRQB5Y6LBH;
				GENERATE_INFOPLIST_FILE = YES;
				LD_RUNPATH_SEARCH_PATHS = (
					"$(inherited)",
					"@executable_path/../Frameworks",
					"@loader_path/../Frameworks",
				);
				MACOSX_DEPLOYMENT_TARGET = 15.6;
				PRODUCT_BUNDLE_IDENTIFIER = "dev.keys.swift-passTests";
				PRODUCT_NAME = "$(TARGET_NAME)";
				SWIFT_APPROACHABLE_CONCURRENCY = YES;
				SWIFT_UPCOMING_FEATURE_MEMBER_IMPORT_VISIBILITY = YES;
				SWIFT_VERSION = 5.0;
			};
			name = Release;
		};
		C0F000000000000000000004 /* Debug */ = {
			isa = XCBuildConfiguration;
			buildSettings = {
				CODE_SIGNING_ALLOWED = NO;
				CODE_SIGNING_REQUIRED = NO;
				DEFINES_MODULE = YES;
				MACOSX_DEPLOYMENT_TARGET = 15.6;
				PRODUCT_NAME = "$(TARGET_NAME)";
				SKIP_INSTALL = YES;
				SWIFT_APPROACHABLE_CONCURRENCY = YES;
				SWIFT_UPCOMING_FEATURE_MEMBER_IMPORT_VISIBILITY = YES;
				SWIFT_VERSION = 5.0;
			};
			name = Debug;
		};
		C0F000000000000000000005 /* Release */ = {
			isa = XCBuildConfiguration;
			buildSettings = {
				CODE_SIGNING_ALLOWED = NO;
				CODE_SIGNING_REQUIRED = NO;
				DEFINES_MODULE = YES;
				MACOSX_DEPLOYMENT_TARGET = 15.6;
				PRODUCT_NAME = "$(TARGET_NAME)";
				SKIP_INSTALL = YES;
				SWIFT_APPROACHABLE_CONCURRENCY = YES;
				SWIFT_UPCOMING_FEATURE_MEMBER_IMPORT_VISIBILITY = YES;
				SWIFT_VERSION = 5.0;
			};
			name = Release;
		};
/* End XCBuildConfiguration section */

/* Begin XCConfigurationList section */
		1CDA4AFF2F5E06CE004FF662 /* Build configuration list for PBXProject "swift-pass" */ = {
			isa = XCConfigurationList;
			buildConfigurations = (
				1CDA4B092F5E06CE004FF662 /* Debug */,
				1CDA4B0A2F5E06CE004FF662 /* Release */,
			);
			defaultConfigurationIsVisible = 0;
			defaultConfigurationName = Release;
		};
		1CDA4B0B2F5E06CE004FF662 /* Build configuration list for PBXNativeTarget "swift-pass" */ = {
			isa = XCConfigurationList;
			buildConfigurations = (
				1CDA4B0C2F5E06CE004FF662 /* Debug */,
				1CDA4B0D2F5E06CE004FF662 /* Release */,
			);
			defaultConfigurationIsVisible = 0;
			defaultConfigurationName = Release;
		};
		A1B2C3010000000000000009 /* Build configuration list for PBXNativeTarget "swift-passTests" */ = {
			isa = XCConfigurationList;
			buildConfigurations = (
				A1B2C3010000000000000010 /* Debug */,
				A1B2C3010000000000000011 /* Release */,
			);
			defaultConfigurationIsVisible = 0;
			defaultConfigurationName = Release;
		};
		C0F000000000000000000003 /* Build configuration list for PBXNativeTarget "swift-passCore" */ = {
			isa = XCConfigurationList;
			buildConfigurations = (
				C0F000000000000000000004 /* Debug */,
				C0F000000000000000000005 /* Release */,
			);
			defaultConfigurationIsVisible = 0;
			defaultConfigurationName = Release;
		};
/* End XCConfigurationList section */

/* Begin XCRemoteSwiftPackageReference section */
		1CDA4B0E2F5E0870004FF662 /* XCRemoteSwiftPackageReference "swift-argument-parser" */ = {
			isa = XCRemoteSwiftPackageReference;
			repositoryURL = "https://github.com/apple/swift-argument-parser.git";
			requirement = {
				kind = upToNextMajorVersion;
				minimumVersion = 1.7.0;
			};
		};
		1CDA4B112F5E08F5004FF662 /* XCRemoteSwiftPackageReference "Noora" */ = {
			isa = XCRemoteSwiftPackageReference;
			repositoryURL = "https://github.com/tuist/Noora";
			requirement = {
				kind = upToNextMajorVersion;
				minimumVersion = 0.56.0;
			};
		};
		1CDA4B282F5E0B5D004FF662 /* XCRemoteSwiftPackageReference "Valet" */ = {
			isa = XCRemoteSwiftPackageReference;
			repositoryURL = "https://github.com/square/Valet";
			requirement = {
				kind = upToNextMajorVersion;
				minimumVersion = 5.1.0;
			};
		};
/* End XCRemoteSwiftPackageReference section */

/* Begin XCSwiftPackageProductDependency section */
		1CDA4B0F2F5E0870004FF662 /* ArgumentParser */ = {
			isa = XCSwiftPackageProductDependency;
			package = 1CDA4B0E2F5E0870004FF662 /* XCRemoteSwiftPackageReference "swift-argument-parser" */;
			productName = ArgumentParser;
		};
		1CDA4B122F5E08F5004FF662 /* Noora */ = {
			isa = XCSwiftPackageProductDependency;
			package = 1CDA4B112F5E08F5004FF662 /* XCRemoteSwiftPackageReference "Noora" */;
			productName = Noora;
		};
		1CDA4B292F5E0B5D004FF662 /* Valet */ = {
			isa = XCSwiftPackageProductDependency;
			package = 1CDA4B282F5E0B5D004FF662 /* XCRemoteSwiftPackageReference "Valet" */;
			productName = Valet;
		};
/* End XCSwiftPackageProductDependency section */
	};
	rootObject = 1CDA4AFC2F5E06CE004FF662 /* Project object */;
}
